
Microsoft Visual Studio Solution File, Format Version 12.00
# Visual Studio Version 16
VisualStudioVersion = 16.0.29509.3
MinimumVisualStudioVersion = 10.0.40219.1
Project("{FAE04EC0-301F-11D3-BF4B-00C04F79EFBC}") = "CAP.Sample", "CAP.Sample\CAP.Sample.csproj", "{830C7721-3AFA-4006-854A-4284184A9FFB}"
EndProject
Global
	GlobalSection(SolutionConfigurationPlatforms) = preSolution
		Debug|Any CPU = Debug|Any CPU
		Release|Any CPU = Release|Any CPU
	EndGlobalSection
	GlobalSection(ProjectConfigurationPlatforms) = postSolution
		{830C7721-3AFA-4006-854A-4284184A9FFB}.Debug|Any CPU.ActiveCfg = Debug|Any CPU
		{830C7721-3AFA-4006-854A-4284184A9FFB}.Debug|Any CPU.Build.0 = Debug|Any CPU
		{830C7721-3AFA-4006-854A-4284184A9FFB}.Release|Any CPU.ActiveCfg = Release|Any CPU
		{830C7721-3AFA-4006-854A-4284184A9FFB}.Release|Any CPU.Build.0 = Release|Any CPU
	EndGlobalSection
	GlobalSection(SolutionProperties) = preSolution
		HideSolutionNode = FALSE
	EndGlobalSection
	GlobalSection(ExtensibilityGlobals) = postSolution
		SolutionGuid = {566B78CA-B8C2-4CD9-B8A6-1CB75927622E}
	EndGlobalSection
EndGlobal
